// !$*UTF8*$!
{
	archiveVersion = 1;
	classes = {
	};
	objectVersion = 55;
	objects = {

/* Begin PBXBuildFile section */
		057336F800B64AF07E52E15C /* Pods_AnimeManiacTests.framework in Frameworks */ = {isa = PBXBuildFile; fileRef = FDF4CDAEA5B9EAA96699DADE /* Pods_AnimeManiacTests.framework */; };
		3D85A920278A70CC006104E4 /* AnimeTopPageCellViewModel.swift in Sources */ = {isa = PBXBuildFile; fileRef = 3D85A91F278A70CC006104E4 /* AnimeTopPageCellViewModel.swift */; };
		3D85A922278A70E4006104E4 /* HomeSection.swift in Sources */ = {isa = PBXBuildFile; fileRef = 3D85A921278A70E4006104E4 /* HomeSection.swift */; };
		3D85A92E278A756F006104E4 /* SearchRoutingEntry.swift in Sources */ = {isa = PBXBuildFile; fileRef = 3D85A92D278A756F006104E4 /* SearchRoutingEntry.swift */; };
		3D85A938278B3167006104E4 /* AnimePageViewModel.swift in Sources */ = {isa = PBXBuildFile; fileRef = 3D85A937278B3167006104E4 /* AnimePageViewModel.swift */; };
		3D85A93A278B31A2006104E4 /* AnimePageSection.swift in Sources */ = {isa = PBXBuildFile; fileRef = 3D85A939278B31A2006104E4 /* AnimePageSection.swift */; };
		3D85A944278B388D006104E4 /* AnimePage.swift in Sources */ = {isa = PBXBuildFile; fileRef = 3D85A943278B388D006104E4 /* AnimePage.swift */; };
		3D85A948278B403C006104E4 /* Category.swift in Sources */ = {isa = PBXBuildFile; fileRef = 3D85A947278B403C006104E4 /* Category.swift */; };
		3D85A94B278B4297006104E4 /* HomeCell.swift in Sources */ = {isa = PBXBuildFile; fileRef = 3D85A949278B4297006104E4 /* HomeCell.swift */; };
		3D85A94C278B4297006104E4 /* HomeCell.xib in Resources */ = {isa = PBXBuildFile; fileRef = 3D85A94A278B4297006104E4 /* HomeCell.xib */; };
		3D85A94E278B4739006104E4 /* HomeCellViewModel.swift in Sources */ = {isa = PBXBuildFile; fileRef = 3D85A94D278B4739006104E4 /* HomeCellViewModel.swift */; };
		3D85A950278B4A1F006104E4 /* AnimeResultCellViewModel.swift in Sources */ = {isa = PBXBuildFile; fileRef = 3D85A94F278B4A1F006104E4 /* AnimeResultCellViewModel.swift */; };
		3D85A952278B6237006104E4 /* SearchCategoryViewModel.swift in Sources */ = {isa = PBXBuildFile; fileRef = 3D85A951278B6237006104E4 /* SearchCategoryViewModel.swift */; };
		3D85A954278B72AF006104E4 /* Images.xcassets in Resources */ = {isa = PBXBuildFile; fileRef = 3D85A953278B72AF006104E4 /* Images.xcassets */; };
		3D85A956278B8370006104E4 /* SearchCategorySection.swift in Sources */ = {isa = PBXBuildFile; fileRef = 3D85A955278B8370006104E4 /* SearchCategorySection.swift */; };
		3DBC15DB278A2E6F00B6B653 /* AppDelegate.swift in Sources */ = {isa = PBXBuildFile; fileRef = 3DBC15DA278A2E6F00B6B653 /* AppDelegate.swift */; };
		3DBC15DD278A2E6F00B6B653 /* SceneDelegate.swift in Sources */ = {isa = PBXBuildFile; fileRef = 3DBC15DC278A2E6F00B6B653 /* SceneDelegate.swift */; };
		3DBC15E5278A2E6F00B6B653 /* AnimeManiac.xcdatamodeld in Sources */ = {isa = PBXBuildFile; fileRef = 3DBC15E3278A2E6F00B6B653 /* AnimeManiac.xcdatamodeld */; };
		3DBC15EA278A2E7100B6B653 /* LaunchScreen.storyboard in Resources */ = {isa = PBXBuildFile; fileRef = 3DBC15E8278A2E7100B6B653 /* LaunchScreen.storyboard */; };
		3DBC15F5278A2E7100B6B653 /* AnimeManiacTests.swift in Sources */ = {isa = PBXBuildFile; fileRef = 3DBC15F4278A2E7100B6B653 /* AnimeManiacTests.swift */; };
		3DBC15FF278A2E7100B6B653 /* AnimeManiacUITests.swift in Sources */ = {isa = PBXBuildFile; fileRef = 3DBC15FE278A2E7100B6B653 /* AnimeManiacUITests.swift */; };
		3DBC1601278A2E7100B6B653 /* AnimeManiacUITestsLaunchTests.swift in Sources */ = {isa = PBXBuildFile; fileRef = 3DBC1600278A2E7100B6B653 /* AnimeManiacUITestsLaunchTests.swift */; };
		3DBC160E278A2EFB00B6B653 /* coreController.swift in Sources */ = {isa = PBXBuildFile; fileRef = 3DBC160D278A2EFB00B6B653 /* coreController.swift */; };
		3DBC1610278A2FB300B6B653 /* CustomNavigationController.swift in Sources */ = {isa = PBXBuildFile; fileRef = 3DBC160F278A2FB300B6B653 /* CustomNavigationController.swift */; };
		3DBC161F278A32C300B6B653 /* ScrollableViewModel.swift in Sources */ = {isa = PBXBuildFile; fileRef = 3DBC161E278A32C300B6B653 /* ScrollableViewModel.swift */; };
		3DBC1621278A343700B6B653 /* Section.swift in Sources */ = {isa = PBXBuildFile; fileRef = 3DBC1620278A343700B6B653 /* Section.swift */; };
		3DBC1623278A348900B6B653 /* CellViewModel.swift in Sources */ = {isa = PBXBuildFile; fileRef = 3DBC1622278A348900B6B653 /* CellViewModel.swift */; };
		3DBC1626278A350300B6B653 /* RoutingEntry.swift in Sources */ = {isa = PBXBuildFile; fileRef = 3DBC1625278A350300B6B653 /* RoutingEntry.swift */; };
		3DBC1628278A352500B6B653 /* Navigator.swift in Sources */ = {isa = PBXBuildFile; fileRef = 3DBC1627278A352500B6B653 /* Navigator.swift */; };
		3DBC162A278A357E00B6B653 /* Controller.swift in Sources */ = {isa = PBXBuildFile; fileRef = 3DBC1629278A357D00B6B653 /* Controller.swift */; };
		3DBC162C278A35C600B6B653 /* NavContoller.swift in Sources */ = {isa = PBXBuildFile; fileRef = 3DBC162B278A35C600B6B653 /* NavContoller.swift */; };
		3DBC162E278A365F00B6B653 /* UIViewController+Controller.swift in Sources */ = {isa = PBXBuildFile; fileRef = 3DBC162D278A365F00B6B653 /* UIViewController+Controller.swift */; };
		3DBC1630278A369500B6B653 /* UINavigationController+NavController.swift in Sources */ = {isa = PBXBuildFile; fileRef = 3DBC162F278A369500B6B653 /* UINavigationController+NavController.swift */; };
		3DBC1632278A36C500B6B653 /* Routing.swift in Sources */ = {isa = PBXBuildFile; fileRef = 3DBC1631278A36C500B6B653 /* Routing.swift */; };
		3DBC1635278A37A400B6B653 /* EmptyReason.swift in Sources */ = {isa = PBXBuildFile; fileRef = 3DBC1634278A37A400B6B653 /* EmptyReason.swift */; };
		3DBC1637278A37CB00B6B653 /* UIScrollView+Empty.swift in Sources */ = {isa = PBXBuildFile; fileRef = 3DBC1636278A37CB00B6B653 /* UIScrollView+Empty.swift */; };
		3DBC1639278A37F600B6B653 /* EmptyLoader.swift in Sources */ = {isa = PBXBuildFile; fileRef = 3DBC1638278A37F600B6B653 /* EmptyLoader.swift */; };
		3DBC163B278A382200B6B653 /* EmptyTextAndButton.swift in Sources */ = {isa = PBXBuildFile; fileRef = 3DBC163A278A382200B6B653 /* EmptyTextAndButton.swift */; };
		3DBC163D278A385400B6B653 /* EmptyError.swift in Sources */ = {isa = PBXBuildFile; fileRef = 3DBC163C278A385400B6B653 /* EmptyError.swift */; };
		3DBC1648278A3F2000B6B653 /* FetchError.swift in Sources */ = {isa = PBXBuildFile; fileRef = 3DBC1647278A3F2000B6B653 /* FetchError.swift */; };
		3DBC164F278A3FFC00B6B653 /* FavoriteViewModel.swift in Sources */ = {isa = PBXBuildFile; fileRef = 3DBC164E278A3FFC00B6B653 /* FavoriteViewModel.swift */; };
		3DBC1651278A401900B6B653 /* HomeViewModel.swift in Sources */ = {isa = PBXBuildFile; fileRef = 3DBC1650278A401900B6B653 /* HomeViewModel.swift */; };
		3DBC1656278A414B00B6B653 /* BarButtonItem.swift in Sources */ = {isa = PBXBuildFile; fileRef = 3DBC1655278A414B00B6B653 /* BarButtonItem.swift */; };
		3DBC1658278A416F00B6B653 /* AnyBarButtonItem.swift in Sources */ = {isa = PBXBuildFile; fileRef = 3DBC1657278A416F00B6B653 /* AnyBarButtonItem.swift */; };
		3DBC165A278A41E100B6B653 /* CategoryViewModel.swift in Sources */ = {isa = PBXBuildFile; fileRef = 3DBC1659278A41E100B6B653 /* CategoryViewModel.swift */; };
		3DBC165C278A4B0800B6B653 /* AnimeRequest.swift in Sources */ = {isa = PBXBuildFile; fileRef = 3DBC165B278A4B0800B6B653 /* AnimeRequest.swift */; };
		3DBC165E278A4BDF00B6B653 /* ListAnime.swift in Sources */ = {isa = PBXBuildFile; fileRef = 3DBC165D278A4BDF00B6B653 /* ListAnime.swift */; };
		3DBC1660278A504000B6B653 /* Errors.swift in Sources */ = {isa = PBXBuildFile; fileRef = 3DBC165F278A504000B6B653 /* Errors.swift */; };
		3DBC1663278A524700B6B653 /* TableViewController.swift in Sources */ = {isa = PBXBuildFile; fileRef = 3DBC1661278A524700B6B653 /* TableViewController.swift */; };
		3DBC1664278A524700B6B653 /* TableViewController.xib in Resources */ = {isa = PBXBuildFile; fileRef = 3DBC1662278A524700B6B653 /* TableViewController.xib */; };
		3DBC1666278A52F400B6B653 /* CellConfigurable.swift in Sources */ = {isa = PBXBuildFile; fileRef = 3DBC1665278A52F400B6B653 /* CellConfigurable.swift */; };
		3DC1B16827931DFD0091963E /* ExtensionUIImage.swift in Sources */ = {isa = PBXBuildFile; fileRef = 3DC1B16727931DFD0091963E /* ExtensionUIImage.swift */; };
		3DC1B16B2793286C0091963E /* AnimeResultCell.swift in Sources */ = {isa = PBXBuildFile; fileRef = 3DC1B1692793286C0091963E /* AnimeResultCell.swift */; };
		3DC1B16C2793286C0091963E /* AnimeResultCell.xib in Resources */ = {isa = PBXBuildFile; fileRef = 3DC1B16A2793286C0091963E /* AnimeResultCell.xib */; };
		3DC1B16E2793360E0091963E /* SearchByTitleViewModel.swift in Sources */ = {isa = PBXBuildFile; fileRef = 3DC1B16D2793360E0091963E /* SearchByTitleViewModel.swift */; };
		3DC1B170279337570091963E /* SearchByTitleSection.swift in Sources */ = {isa = PBXBuildFile; fileRef = 3DC1B16F279337570091963E /* SearchByTitleSection.swift */; };
		3DC1B173279338AF0091963E /* SearchByTitleRountingEntry.swift in Sources */ = {isa = PBXBuildFile; fileRef = 3DC1B172279338AF0091963E /* SearchByTitleRountingEntry.swift */; };
		3DC1B17B27935D3D0091963E /* BestAnimeCellViewModel.swift in Sources */ = {isa = PBXBuildFile; fileRef = 3DC1B17A27935D3D0091963E /* BestAnimeCellViewModel.swift */; };
		3DC1B1BB279379960091963E /* ImageAnimeCell.swift in Sources */ = {isa = PBXBuildFile; fileRef = 3DC1B1B9279379960091963E /* ImageAnimeCell.swift */; };
		3DC1B1BC279379960091963E /* ImageAnimeCell.xib in Resources */ = {isa = PBXBuildFile; fileRef = 3DC1B1BA279379960091963E /* ImageAnimeCell.xib */; };
		3DC1B1C527937D820091963E /* CollectionTableViewCell.swift in Sources */ = {isa = PBXBuildFile; fileRef = 3DC1B1C327937D820091963E /* CollectionTableViewCell.swift */; };
		3DC1B1C627937D820091963E /* CollectionTableViewCell.xib in Resources */ = {isa = PBXBuildFile; fileRef = 3DC1B1C427937D820091963E /* CollectionTableViewCell.xib */; };
		3DC1B1C927937DB10091963E /* MyCollectionViewCell.swift in Sources */ = {isa = PBXBuildFile; fileRef = 3DC1B1C727937DB10091963E /* MyCollectionViewCell.swift */; };
		3DC1B1CA27937DB10091963E /* MyCollectionViewCell.xib in Resources */ = {isa = PBXBuildFile; fileRef = 3DC1B1C827937DB10091963E /* MyCollectionViewCell.xib */; };
		3DC1B1CD27937E2C0091963E /* HomeController.swift in Sources */ = {isa = PBXBuildFile; fileRef = 3DC1B1CB27937E2C0091963E /* HomeController.swift */; };
		3DC1B1CE27937E2C0091963E /* HomeController.xib in Resources */ = {isa = PBXBuildFile; fileRef = 3DC1B1CC27937E2C0091963E /* HomeController.xib */; };
		8BDED1C0A3C6A7D83C81930C /* Pods_AnimeManiac.framework in Frameworks */ = {isa = PBXBuildFile; fileRef = B0E0F56CD48745515E2F65C5 /* Pods_AnimeManiac.framework */; };
/* End PBXBuildFile section */

/* Begin PBXContainerItemProxy section */
		3DBC15F1278A2E7100B6B653 /* PBXContainerItemProxy */ = {
			isa = PBXContainerItemProxy;
			containerPortal = 3DBC15CF278A2E6F00B6B653 /* Project object */;
			proxyType = 1;
			remoteGlobalIDString = 3DBC15D6278A2E6F00B6B653;
			remoteInfo = AnimeManiac;
		};
		3DBC15FB278A2E7100B6B653 /* PBXContainerItemProxy */ = {
			isa = PBXContainerItemProxy;
			containerPortal = 3DBC15CF278A2E6F00B6B653 /* Project object */;
			proxyType = 1;
			remoteGlobalIDString = 3DBC15D6278A2E6F00B6B653;
			remoteInfo = AnimeManiac;
		};
/* End PBXContainerItemProxy section */

/* Begin PBXFileReference section */
		3D85A91F278A70CC006104E4 /* AnimeTopPageCellViewModel.swift */ = {isa = PBXFileReference; lastKnownFileType = sourcecode.swift; path = AnimeTopPageCellViewModel.swift; sourceTree = "<group>"; };
		3D85A921278A70E4006104E4 /* HomeSection.swift */ = {isa = PBXFileReference; lastKnownFileType = sourcecode.swift; path = HomeSection.swift; sourceTree = "<group>"; };
		3D85A92D278A756F006104E4 /* SearchRoutingEntry.swift */ = {isa = PBXFileReference; lastKnownFileType = sourcecode.swift; path = SearchRoutingEntry.swift; sourceTree = "<group>"; };
		3D85A937278B3167006104E4 /* AnimePageViewModel.swift */ = {isa = PBXFileReference; lastKnownFileType = sourcecode.swift; path = AnimePageViewModel.swift; sourceTree = "<group>"; };
		3D85A939278B31A2006104E4 /* AnimePageSection.swift */ = {isa = PBXFileReference; lastKnownFileType = sourcecode.swift; path = AnimePageSection.swift; sourceTree = "<group>"; };
		3D85A943278B388D006104E4 /* AnimePage.swift */ = {isa = PBXFileReference; lastKnownFileType = sourcecode.swift; path = AnimePage.swift; sourceTree = "<group>"; };
		3D85A947278B403C006104E4 /* Category.swift */ = {isa = PBXFileReference; lastKnownFileType = sourcecode.swift; path = Category.swift; sourceTree = "<group>"; };
		3D85A949278B4297006104E4 /* HomeCell.swift */ = {isa = PBXFileReference; lastKnownFileType = sourcecode.swift; path = HomeCell.swift; sourceTree = "<group>"; };
		3D85A94A278B4297006104E4 /* HomeCell.xib */ = {isa = PBXFileReference; lastKnownFileType = file.xib; path = HomeCell.xib; sourceTree = "<group>"; };
		3D85A94D278B4739006104E4 /* HomeCellViewModel.swift */ = {isa = PBXFileReference; lastKnownFileType = sourcecode.swift; path = HomeCellViewModel.swift; sourceTree = "<group>"; };
		3D85A94F278B4A1F006104E4 /* AnimeResultCellViewModel.swift */ = {isa = PBXFileReference; lastKnownFileType = sourcecode.swift; path = AnimeResultCellViewModel.swift; sourceTree = "<group>"; };
		3D85A951278B6237006104E4 /* SearchCategoryViewModel.swift */ = {isa = PBXFileReference; lastKnownFileType = sourcecode.swift; path = SearchCategoryViewModel.swift; sourceTree = "<group>"; };
		3D85A953278B72AF006104E4 /* Images.xcassets */ = {isa = PBXFileReference; lastKnownFileType = folder.assetcatalog; path = Images.xcassets; sourceTree = "<group>"; };
		3D85A955278B8370006104E4 /* SearchCategorySection.swift */ = {isa = PBXFileReference; lastKnownFileType = sourcecode.swift; path = SearchCategorySection.swift; sourceTree = "<group>"; };
		3DBC15D7278A2E6F00B6B653 /* AnimeManiac.app */ = {isa = PBXFileReference; explicitFileType = wrapper.application; includeInIndex = 0; path = AnimeManiac.app; sourceTree = BUILT_PRODUCTS_DIR; };
		3DBC15DA278A2E6F00B6B653 /* AppDelegate.swift */ = {isa = PBXFileReference; lastKnownFileType = sourcecode.swift; path = AppDelegate.swift; sourceTree = "<group>"; };
		3DBC15DC278A2E6F00B6B653 /* SceneDelegate.swift */ = {isa = PBXFileReference; lastKnownFileType = sourcecode.swift; path = SceneDelegate.swift; sourceTree = "<group>"; };
		3DBC15E4278A2E6F00B6B653 /* AnimeManiac.xcdatamodel */ = {isa = PBXFileReference; lastKnownFileType = wrapper.xcdatamodel; path = AnimeManiac.xcdatamodel; sourceTree = "<group>"; };
		3DBC15E9278A2E7100B6B653 /* Base */ = {isa = PBXFileReference; lastKnownFileType = file.storyboard; name = Base; path = Base.lproj/LaunchScreen.storyboard; sourceTree = "<group>"; };
		3DBC15EB278A2E7100B6B653 /* Info.plist */ = {isa = PBXFileReference; lastKnownFileType = text.plist.xml; path = Info.plist; sourceTree = "<group>"; };
		3DBC15F0278A2E7100B6B653 /* AnimeManiacTests.xctest */ = {isa = PBXFileReference; explicitFileType = wrapper.cfbundle; includeInIndex = 0; path = AnimeManiacTests.xctest; sourceTree = BUILT_PRODUCTS_DIR; };
		3DBC15F4278A2E7100B6B653 /* AnimeManiacTests.swift */ = {isa = PBXFileReference; lastKnownFileType = sourcecode.swift; path = AnimeManiacTests.swift; sourceTree = "<group>"; };
		3DBC15FA278A2E7100B6B653 /* AnimeManiacUITests.xctest */ = {isa = PBXFileReference; explicitFileType = wrapper.cfbundle; includeInIndex = 0; path = AnimeManiacUITests.xctest; sourceTree = BUILT_PRODUCTS_DIR; };
		3DBC15FE278A2E7100B6B653 /* AnimeManiacUITests.swift */ = {isa = PBXFileReference; lastKnownFileType = sourcecode.swift; path = AnimeManiacUITests.swift; sourceTree = "<group>"; };
		3DBC1600278A2E7100B6B653 /* AnimeManiacUITestsLaunchTests.swift */ = {isa = PBXFileReference; lastKnownFileType = sourcecode.swift; path = AnimeManiacUITestsLaunchTests.swift; sourceTree = "<group>"; };
		3DBC160D278A2EFB00B6B653 /* coreController.swift */ = {isa = PBXFileReference; lastKnownFileType = sourcecode.swift; path = coreController.swift; sourceTree = "<group>"; };
		3DBC160F278A2FB300B6B653 /* CustomNavigationController.swift */ = {isa = PBXFileReference; lastKnownFileType = sourcecode.swift; path = CustomNavigationController.swift; sourceTree = "<group>"; };
		3DBC161E278A32C300B6B653 /* ScrollableViewModel.swift */ = {isa = PBXFileReference; lastKnownFileType = sourcecode.swift; path = ScrollableViewModel.swift; sourceTree = "<group>"; };
		3DBC1620278A343700B6B653 /* Section.swift */ = {isa = PBXFileReference; lastKnownFileType = sourcecode.swift; path = Section.swift; sourceTree = "<group>"; };
		3DBC1622278A348900B6B653 /* CellViewModel.swift */ = {isa = PBXFileReference; lastKnownFileType = sourcecode.swift; path = CellViewModel.swift; sourceTree = "<group>"; };
		3DBC1625278A350300B6B653 /* RoutingEntry.swift */ = {isa = PBXFileReference; lastKnownFileType = sourcecode.swift; path = RoutingEntry.swift; sourceTree = "<group>"; };
		3DBC1627278A352500B6B653 /* Navigator.swift */ = {isa = PBXFileReference; lastKnownFileType = sourcecode.swift; path = Navigator.swift; sourceTree = "<group>"; };
		3DBC1629278A357D00B6B653 /* Controller.swift */ = {isa = PBXFileReference; lastKnownFileType = sourcecode.swift; path = Controller.swift; sourceTree = "<group>"; };
		3DBC162B278A35C600B6B653 /* NavContoller.swift */ = {isa = PBXFileReference; lastKnownFileType = sourcecode.swift; path = NavContoller.swift; sourceTree = "<group>"; };
		3DBC162D278A365F00B6B653 /* UIViewController+Controller.swift */ = {isa = PBXFileReference; lastKnownFileType = sourcecode.swift; path = "UIViewController+Controller.swift"; sourceTree = "<group>"; };
		3DBC162F278A369500B6B653 /* UINavigationController+NavController.swift */ = {isa = PBXFileReference; lastKnownFileType = sourcecode.swift; path = "UINavigationController+NavController.swift"; sourceTree = "<group>"; };
		3DBC1631278A36C500B6B653 /* Routing.swift */ = {isa = PBXFileReference; lastKnownFileType = sourcecode.swift; path = Routing.swift; sourceTree = "<group>"; };
		3DBC1634278A37A400B6B653 /* EmptyReason.swift */ = {isa = PBXFileReference; lastKnownFileType = sourcecode.swift; path = EmptyReason.swift; sourceTree = "<group>"; };
		3DBC1636278A37CB00B6B653 /* UIScrollView+Empty.swift */ = {isa = PBXFileReference; lastKnownFileType = sourcecode.swift; path = "UIScrollView+Empty.swift"; sourceTree = "<group>"; };
		3DBC1638278A37F600B6B653 /* EmptyLoader.swift */ = {isa = PBXFileReference; lastKnownFileType = sourcecode.swift; path = EmptyLoader.swift; sourceTree = "<group>"; };
		3DBC163A278A382200B6B653 /* EmptyTextAndButton.swift */ = {isa = PBXFileReference; lastKnownFileType = sourcecode.swift; path = EmptyTextAndButton.swift; sourceTree = "<group>"; };
		3DBC163C278A385400B6B653 /* EmptyError.swift */ = {isa = PBXFileReference; lastKnownFileType = sourcecode.swift; path = EmptyError.swift; sourceTree = "<group>"; };
		3DBC1647278A3F2000B6B653 /* FetchError.swift */ = {isa = PBXFileReference; lastKnownFileType = sourcecode.swift; path = FetchError.swift; sourceTree = "<group>"; };
		3DBC164E278A3FFC00B6B653 /* FavoriteViewModel.swift */ = {isa = PBXFileReference; lastKnownFileType = sourcecode.swift; path = FavoriteViewModel.swift; sourceTree = "<group>"; };
		3DBC1650278A401900B6B653 /* HomeViewModel.swift */ = {isa = PBXFileReference; lastKnownFileType = sourcecode.swift; path = HomeViewModel.swift; sourceTree = "<group>"; };
		3DBC1655278A414B00B6B653 /* BarButtonItem.swift */ = {isa = PBXFileReference; lastKnownFileType = sourcecode.swift; path = BarButtonItem.swift; sourceTree = "<group>"; };
		3DBC1657278A416F00B6B653 /* AnyBarButtonItem.swift */ = {isa = PBXFileReference; lastKnownFileType = sourcecode.swift; path = AnyBarButtonItem.swift; sourceTree = "<group>"; };
		3DBC1659278A41E100B6B653 /* CategoryViewModel.swift */ = {isa = PBXFileReference; lastKnownFileType = sourcecode.swift; path = CategoryViewModel.swift; sourceTree = "<group>"; };
		3DBC165B278A4B0800B6B653 /* AnimeRequest.swift */ = {isa = PBXFileReference; lastKnownFileType = sourcecode.swift; path = AnimeRequest.swift; sourceTree = "<group>"; };
		3DBC165D278A4BDF00B6B653 /* ListAnime.swift */ = {isa = PBXFileReference; lastKnownFileType = sourcecode.swift; path = ListAnime.swift; sourceTree = "<group>"; };
		3DBC165F278A504000B6B653 /* Errors.swift */ = {isa = PBXFileReference; lastKnownFileType = sourcecode.swift; path = Errors.swift; sourceTree = "<group>"; };
		3DBC1661278A524700B6B653 /* TableViewController.swift */ = {isa = PBXFileReference; lastKnownFileType = sourcecode.swift; path = TableViewController.swift; sourceTree = "<group>"; };
		3DBC1662278A524700B6B653 /* TableViewController.xib */ = {isa = PBXFileReference; lastKnownFileType = file.xib; path = TableViewController.xib; sourceTree = "<group>"; };
		3DBC1665278A52F400B6B653 /* CellConfigurable.swift */ = {isa = PBXFileReference; lastKnownFileType = sourcecode.swift; path = CellConfigurable.swift; sourceTree = "<group>"; };
		3DC1B16727931DFD0091963E /* ExtensionUIImage.swift */ = {isa = PBXFileReference; lastKnownFileType = sourcecode.swift; path = ExtensionUIImage.swift; sourceTree = "<group>"; };
		3DC1B1692793286C0091963E /* AnimeResultCell.swift */ = {isa = PBXFileReference; lastKnownFileType = sourcecode.swift; path = AnimeResultCell.swift; sourceTree = "<group>"; };
		3DC1B16A2793286C0091963E /* AnimeResultCell.xib */ = {isa = PBXFileReference; lastKnownFileType = file.xib; path = AnimeResultCell.xib; sourceTree = "<group>"; };
		3DC1B16D2793360E0091963E /* SearchByTitleViewModel.swift */ = {isa = PBXFileReference; lastKnownFileType = sourcecode.swift; path = SearchByTitleViewModel.swift; sourceTree = "<group>"; };
		3DC1B16F279337570091963E /* SearchByTitleSection.swift */ = {isa = PBXFileReference; lastKnownFileType = sourcecode.swift; path = SearchByTitleSection.swift; sourceTree = "<group>"; };
		3DC1B172279338AF0091963E /* SearchByTitleRountingEntry.swift */ = {isa = PBXFileReference; lastKnownFileType = sourcecode.swift; path = SearchByTitleRountingEntry.swift; sourceTree = "<group>"; };
		3DC1B17A27935D3D0091963E /* BestAnimeCellViewModel.swift */ = {isa = PBXFileReference; lastKnownFileType = sourcecode.swift; path = BestAnimeCellViewModel.swift; sourceTree = "<group>"; };
		3DC1B1B9279379960091963E /* ImageAnimeCell.swift */ = {isa = PBXFileReference; lastKnownFileType = sourcecode.swift; path = ImageAnimeCell.swift; sourceTree = "<group>"; };
		3DC1B1BA279379960091963E /* ImageAnimeCell.xib */ = {isa = PBXFileReference; lastKnownFileType = file.xib; path = ImageAnimeCell.xib; sourceTree = "<group>"; };
		3DC1B1C327937D820091963E /* CollectionTableViewCell.swift */ = {isa = PBXFileReference; lastKnownFileType = sourcecode.swift; path = CollectionTableViewCell.swift; sourceTree = "<group>"; };
		3DC1B1C427937D820091963E /* CollectionTableViewCell.xib */ = {isa = PBXFileReference; lastKnownFileType = file.xib; path = CollectionTableViewCell.xib; sourceTree = "<group>"; };
		3DC1B1C727937DB10091963E /* MyCollectionViewCell.swift */ = {isa = PBXFileReference; lastKnownFileType = sourcecode.swift; path = MyCollectionViewCell.swift; sourceTree = "<group>"; };
		3DC1B1C827937DB10091963E /* MyCollectionViewCell.xib */ = {isa = PBXFileReference; lastKnownFileType = file.xib; path = MyCollectionViewCell.xib; sourceTree = "<group>"; };
		3DC1B1CB27937E2C0091963E /* HomeController.swift */ = {isa = PBXFileReference; lastKnownFileType = sourcecode.swift; path = HomeController.swift; sourceTree = "<group>"; };
		3DC1B1CC27937E2C0091963E /* HomeController.xib */ = {isa = PBXFileReference; lastKnownFileType = file.xib; path = HomeController.xib; sourceTree = "<group>"; };
		9A3D330962D97F8860FD851C /* Pods-AnimeManiacTests.debug.xcconfig */ = {isa = PBXFileReference; includeInIndex = 1; lastKnownFileType = text.xcconfig; name = "Pods-AnimeManiacTests.debug.xcconfig"; path = "Target Support Files/Pods-AnimeManiacTests/Pods-AnimeManiacTests.debug.xcconfig"; sourceTree = "<group>"; };
		B0E0F56CD48745515E2F65C5 /* Pods_AnimeManiac.framework */ = {isa = PBXFileReference; explicitFileType = wrapper.framework; includeInIndex = 0; path = Pods_AnimeManiac.framework; sourceTree = BUILT_PRODUCTS_DIR; };
		CEB0879B70B86AD79D4A99F9 /* Pods-AnimeManiacTests.release.xcconfig */ = {isa = PBXFileReference; includeInIndex = 1; lastKnownFileType = text.xcconfig; name = "Pods-AnimeManiacTests.release.xcconfig"; path = "Target Support Files/Pods-AnimeManiacTests/Pods-AnimeManiacTests.release.xcconfig"; sourceTree = "<group>"; };
		EF458ED4254330F6135A184D /* Pods-AnimeManiac.release.xcconfig */ = {isa = PBXFileReference; includeInIndex = 1; lastKnownFileType = text.xcconfig; name = "Pods-AnimeManiac.release.xcconfig"; path = "Target Support Files/Pods-AnimeManiac/Pods-AnimeManiac.release.xcconfig"; sourceTree = "<group>"; };
		F09EA681000136C2AC255825 /* Pods-AnimeManiac.debug.xcconfig */ = {isa = PBXFileReference; includeInIndex = 1; lastKnownFileType = text.xcconfig; name = "Pods-AnimeManiac.debug.xcconfig"; path = "Target Support Files/Pods-AnimeManiac/Pods-AnimeManiac.debug.xcconfig"; sourceTree = "<group>"; };
		FDF4CDAEA5B9EAA96699DADE /* Pods_AnimeManiacTests.framework */ = {isa = PBXFileReference; explicitFileType = wrapper.framework; includeInIndex = 0; path = Pods_AnimeManiacTests.framework; sourceTree = BUILT_PRODUCTS_DIR; };
/* End PBXFileReference section */

/* Begin PBXFrameworksBuildPhase section */
		3DBC15D4278A2E6F00B6B653 /* Frameworks */ = {
			isa = PBXFrameworksBuildPhase;
			buildActionMask = 2147483647;
			files = (
				8BDED1C0A3C6A7D83C81930C /* Pods_AnimeManiac.framework in Frameworks */,
			);
			runOnlyForDeploymentPostprocessing = 0;
		};
		3DBC15ED278A2E7100B6B653 /* Frameworks */ = {
			isa = PBXFrameworksBuildPhase;
			buildActionMask = 2147483647;
			files = (
				057336F800B64AF07E52E15C /* Pods_AnimeManiacTests.framework in Frameworks */,
			);
			runOnlyForDeploymentPostprocessing = 0;
		};
		3DBC15F7278A2E7100B6B653 /* Frameworks */ = {
			isa = PBXFrameworksBuildPhase;
			buildActionMask = 2147483647;
			files = (
			);
			runOnlyForDeploymentPostprocessing = 0;
		};
/* End PBXFrameworksBuildPhase section */

/* Begin PBXGroup section */
		0AA02495235F2521C4A5E6B8 /* Pods */ = {
			isa = PBXGroup;
			children = (
				F09EA681000136C2AC255825 /* Pods-AnimeManiac.debug.xcconfig */,
				EF458ED4254330F6135A184D /* Pods-AnimeManiac.release.xcconfig */,
				9A3D330962D97F8860FD851C /* Pods-AnimeManiacTests.debug.xcconfig */,
				CEB0879B70B86AD79D4A99F9 /* Pods-AnimeManiacTests.release.xcconfig */,
			);
			path = Pods;
			sourceTree = "<group>";
		};
		3D85A933278B3064006104E4 /* ViewModel */ = {
			isa = PBXGroup;
			children = (
				3DBC1650278A401900B6B653 /* HomeViewModel.swift */,
				3D85A951278B6237006104E4 /* SearchCategoryViewModel.swift */,
				3DC1B16D2793360E0091963E /* SearchByTitleViewModel.swift */,
				3D85A937278B3167006104E4 /* AnimePageViewModel.swift */,
			);
			path = ViewModel;
			sourceTree = "<group>";
		};
		3D85A934278B3076006104E4 /* CellViewModel */ = {
			isa = PBXGroup;
			children = (
				3D85A94D278B4739006104E4 /* HomeCellViewModel.swift */,
				3D85A91F278A70CC006104E4 /* AnimeTopPageCellViewModel.swift */,
				3D85A94F278B4A1F006104E4 /* AnimeResultCellViewModel.swift */,
				3DC1B17A27935D3D0091963E /* BestAnimeCellViewModel.swift */,
			);
			path = CellViewModel;
			sourceTree = "<group>";
		};
		3D85A935278B3080006104E4 /* View */ = {
			isa = PBXGroup;
			children = (
				3D85A949278B4297006104E4 /* HomeCell.swift */,
				3D85A94A278B4297006104E4 /* HomeCell.xib */,
				3DC1B1692793286C0091963E /* AnimeResultCell.swift */,
				3DC1B16A2793286C0091963E /* AnimeResultCell.xib */,
				3DC1B1B9279379960091963E /* ImageAnimeCell.swift */,
				3DC1B1BA279379960091963E /* ImageAnimeCell.xib */,
				3DC1B1C327937D820091963E /* CollectionTableViewCell.swift */,
				3DC1B1C427937D820091963E /* CollectionTableViewCell.xib */,
				3DC1B1C727937DB10091963E /* MyCollectionViewCell.swift */,
				3DC1B1C827937DB10091963E /* MyCollectionViewCell.xib */,
				3DC1B1CB27937E2C0091963E /* HomeController.swift */,
				3DC1B1CC27937E2C0091963E /* HomeController.xib */,
			);
			path = View;
			sourceTree = "<group>";
		};
		3D85A936278B3098006104E4 /* Section */ = {
			isa = PBXGroup;
			children = (
				3D85A921278A70E4006104E4 /* HomeSection.swift */,
				3D85A955278B8370006104E4 /* SearchCategorySection.swift */,
				3DC1B16F279337570091963E /* SearchByTitleSection.swift */,
				3D85A939278B31A2006104E4 /* AnimePageSection.swift */,
			);
			path = Section;
			sourceTree = "<group>";
		};
		3DBC15CE278A2E6F00B6B653 = {
			isa = PBXGroup;
			children = (
				3DBC15D9278A2E6F00B6B653 /* AnimeManiac */,
				3DBC15F3278A2E7100B6B653 /* AnimeManiacTests */,
				3DBC15FD278A2E7100B6B653 /* AnimeManiacUITests */,
				3DBC15D8278A2E6F00B6B653 /* Products */,
				0AA02495235F2521C4A5E6B8 /* Pods */,
				C10B19A96090D10102C11C73 /* Frameworks */,
			);
			sourceTree = "<group>";
		};
		3DBC15D8278A2E6F00B6B653 /* Products */ = {
			isa = PBXGroup;
			children = (
				3DBC15D7278A2E6F00B6B653 /* AnimeManiac.app */,
				3DBC15F0278A2E7100B6B653 /* AnimeManiacTests.xctest */,
				3DBC15FA278A2E7100B6B653 /* AnimeManiacUITests.xctest */,
			);
			name = Products;
			sourceTree = "<group>";
		};
		3DBC15D9278A2E6F00B6B653 /* AnimeManiac */ = {
			isa = PBXGroup;
			children = (
				3DBC1624278A34EE00B6B653 /* Navigation */,
				3DBC1654278A40E600B6B653 /* Models */,
				3DBC164D278A3FE200B6B653 /* Favorite */,
				3DBC164C278A3FD500B6B653 /* Category */,
				3DBC164B278A3FC900B6B653 /* Home */,
				3DBC1642278A3E5B00B6B653 /* API Requets */,
				3DBC1633278A376300B6B653 /* EmptyDataSet */,
				3DBC161D278A32B100B6B653 /* Protocols */,
				3DBC1615278A30FA00B6B653 /* Controllers */,
				3DBC15DA278A2E6F00B6B653 /* AppDelegate.swift */,
				3DBC15DC278A2E6F00B6B653 /* SceneDelegate.swift */,
				3DBC15E8278A2E7100B6B653 /* LaunchScreen.storyboard */,
				3DBC15EB278A2E7100B6B653 /* Info.plist */,
				3DBC15E3278A2E6F00B6B653 /* AnimeManiac.xcdatamodeld */,
				3D85A953278B72AF006104E4 /* Images.xcassets */,
			);
			path = AnimeManiac;
			sourceTree = "<group>";
		};
		3DBC15F3278A2E7100B6B653 /* AnimeManiacTests */ = {
			isa = PBXGroup;
			children = (
				3DBC15F4278A2E7100B6B653 /* AnimeManiacTests.swift */,
			);
			path = AnimeManiacTests;
			sourceTree = "<group>";
		};
		3DBC15FD278A2E7100B6B653 /* AnimeManiacUITests */ = {
			isa = PBXGroup;
			children = (
				3DBC15FE278A2E7100B6B653 /* AnimeManiacUITests.swift */,
				3DBC1600278A2E7100B6B653 /* AnimeManiacUITestsLaunchTests.swift */,
			);
			path = AnimeManiacUITests;
			sourceTree = "<group>";
		};
		3DBC1615278A30FA00B6B653 /* Controllers */ = {
			isa = PBXGroup;
			children = (
				3DBC160D278A2EFB00B6B653 /* coreController.swift */,
				3DBC160F278A2FB300B6B653 /* CustomNavigationController.swift */,
				3DBC1661278A524700B6B653 /* TableViewController.swift */,
				3DBC1662278A524700B6B653 /* TableViewController.xib */,
			);
			path = Controllers;
			sourceTree = "<group>";
		};
		3DBC161D278A32B100B6B653 /* Protocols */ = {
			isa = PBXGroup;
			children = (
				3DBC161E278A32C300B6B653 /* ScrollableViewModel.swift */,
				3DBC1620278A343700B6B653 /* Section.swift */,
				3DBC1622278A348900B6B653 /* CellViewModel.swift */,
				3DBC1665278A52F400B6B653 /* CellConfigurable.swift */,
				3DC1B16727931DFD0091963E /* ExtensionUIImage.swift */,
			);
			path = Protocols;
			sourceTree = "<group>";
		};
		3DBC1624278A34EE00B6B653 /* Navigation */ = {
			isa = PBXGroup;
			children = (
				3DC1B171279338920091963E /* RoutingEntry */,
				3DBC1625278A350300B6B653 /* RoutingEntry.swift */,
				3DBC1627278A352500B6B653 /* Navigator.swift */,
				3DBC1629278A357D00B6B653 /* Controller.swift */,
				3DBC162B278A35C600B6B653 /* NavContoller.swift */,
				3DBC162D278A365F00B6B653 /* UIViewController+Controller.swift */,
				3DBC162F278A369500B6B653 /* UINavigationController+NavController.swift */,
				3DBC1631278A36C500B6B653 /* Routing.swift */,
			);
			path = Navigation;
			sourceTree = "<group>";
		};
		3DBC1633278A376300B6B653 /* EmptyDataSet */ = {
			isa = PBXGroup;
			children = (
				3DBC1634278A37A400B6B653 /* EmptyReason.swift */,
				3DBC1636278A37CB00B6B653 /* UIScrollView+Empty.swift */,
				3DBC1638278A37F600B6B653 /* EmptyLoader.swift */,
				3DBC163A278A382200B6B653 /* EmptyTextAndButton.swift */,
				3DBC163C278A385400B6B653 /* EmptyError.swift */,
				3DBC165F278A504000B6B653 /* Errors.swift */,
			);
			path = EmptyDataSet;
			sourceTree = "<group>";
		};
		3DBC1642278A3E5B00B6B653 /* API Requets */ = {
			isa = PBXGroup;
			children = (
				3DBC1647278A3F2000B6B653 /* FetchError.swift */,
				3DBC165B278A4B0800B6B653 /* AnimeRequest.swift */,
			);
			path = "API Requets";
			sourceTree = "<group>";
		};
		3DBC164B278A3FC900B6B653 /* Home */ = {
			isa = PBXGroup;
			children = (
				3D85A933278B3064006104E4 /* ViewModel */,
				3D85A936278B3098006104E4 /* Section */,
				3D85A934278B3076006104E4 /* CellViewModel */,
				3D85A935278B3080006104E4 /* View */,
			);
			path = Home;
			sourceTree = "<group>";
		};
		3DBC164C278A3FD500B6B653 /* Category */ = {
			isa = PBXGroup;
			children = (
				3DBC1659278A41E100B6B653 /* CategoryViewModel.swift */,
			);
			path = Category;
			sourceTree = "<group>";
		};
		3DBC164D278A3FE200B6B653 /* Favorite */ = {
			isa = PBXGroup;
			children = (
				3DBC164E278A3FFC00B6B653 /* FavoriteViewModel.swift */,
			);
			path = Favorite;
			sourceTree = "<group>";
		};
		3DBC1654278A40E600B6B653 /* Models */ = {
			isa = PBXGroup;
			children = (
				3DBC1655278A414B00B6B653 /* BarButtonItem.swift */,
				3DBC1657278A416F00B6B653 /* AnyBarButtonItem.swift */,
				3DBC165D278A4BDF00B6B653 /* ListAnime.swift */,
				3D85A943278B388D006104E4 /* AnimePage.swift */,
				3D85A947278B403C006104E4 /* Category.swift */,
			);
			path = Models;
			sourceTree = "<group>";
		};
		3DC1B171279338920091963E /* RoutingEntry */ = {
			isa = PBXGroup;
			children = (
				3D85A92D278A756F006104E4 /* SearchRoutingEntry.swift */,
				3DC1B172279338AF0091963E /* SearchByTitleRountingEntry.swift */,
			);
			path = RoutingEntry;
			sourceTree = "<group>";
		};
		C10B19A96090D10102C11C73 /* Frameworks */ = {
			isa = PBXGroup;
			children = (
				B0E0F56CD48745515E2F65C5 /* Pods_AnimeManiac.framework */,
				FDF4CDAEA5B9EAA96699DADE /* Pods_AnimeManiacTests.framework */,
			);
			name = Frameworks;
			sourceTree = "<group>";
		};
/* End PBXGroup section */

/* Begin PBXNativeTarget section */
		3DBC15D6278A2E6F00B6B653 /* AnimeManiac */ = {
			isa = PBXNativeTarget;
			buildConfigurationList = 3DBC1604278A2E7100B6B653 /* Build configuration list for PBXNativeTarget "AnimeManiac" */;
			buildPhases = (
				0DE0F0F33C6669EEDB530984 /* [CP] Check Pods Manifest.lock */,
				3DBC15D3278A2E6F00B6B653 /* Sources */,
				3DBC15D4278A2E6F00B6B653 /* Frameworks */,
				3DBC15D5278A2E6F00B6B653 /* Resources */,
				424C1D032CCCBC5B7FCB4DAC /* [CP] Embed Pods Frameworks */,
			);
			buildRules = (
			);
			dependencies = (
			);
			name = AnimeManiac;
			productName = AnimeManiac;
			productReference = 3DBC15D7278A2E6F00B6B653 /* AnimeManiac.app */;
			productType = "com.apple.product-type.application";
		};
		3DBC15EF278A2E7100B6B653 /* AnimeManiacTests */ = {
			isa = PBXNativeTarget;
			buildConfigurationList = 3DBC1607278A2E7100B6B653 /* Build configuration list for PBXNativeTarget "AnimeManiacTests" */;
			buildPhases = (
				C29E2A25E0C8CA3364E31EA1 /* [CP] Check Pods Manifest.lock */,
				3DBC15EC278A2E7100B6B653 /* Sources */,
				3DBC15ED278A2E7100B6B653 /* Frameworks */,
				3DBC15EE278A2E7100B6B653 /* Resources */,
			);
			buildRules = (
			);
			dependencies = (
				3DBC15F2278A2E7100B6B653 /* PBXTargetDependency */,
			);
			name = AnimeManiacTests;
			productName = AnimeManiacTests;
			productReference = 3DBC15F0278A2E7100B6B653 /* AnimeManiacTests.xctest */;
			productType = "com.apple.product-type.bundle.unit-test";
		};
		3DBC15F9278A2E7100B6B653 /* AnimeManiacUITests */ = {
			isa = PBXNativeTarget;
			buildConfigurationList = 3DBC160A278A2E7100B6B653 /* Build configuration list for PBXNativeTarget "AnimeManiacUITests" */;
			buildPhases = (
				3DBC15F6278A2E7100B6B653 /* Sources */,
				3DBC15F7278A2E7100B6B653 /* Frameworks */,
				3DBC15F8278A2E7100B6B653 /* Resources */,
			);
			buildRules = (
			);
			dependencies = (
				3DBC15FC278A2E7100B6B653 /* PBXTargetDependency */,
			);
			name = AnimeManiacUITests;
			productName = AnimeManiacUITests;
			productReference = 3DBC15FA278A2E7100B6B653 /* AnimeManiacUITests.xctest */;
			productType = "com.apple.product-type.bundle.ui-testing";
		};
/* End PBXNativeTarget section */

/* Begin PBXProject section */
		3DBC15CF278A2E6F00B6B653 /* Project object */ = {
			isa = PBXProject;
			attributes = {
				BuildIndependentTargetsInParallel = 1;
				LastSwiftUpdateCheck = 1310;
				LastUpgradeCheck = 1310;
				TargetAttributes = {
					3DBC15D6278A2E6F00B6B653 = {
						CreatedOnToolsVersion = 13.1;
					};
					3DBC15EF278A2E7100B6B653 = {
						CreatedOnToolsVersion = 13.1;
						TestTargetID = 3DBC15D6278A2E6F00B6B653;
					};
					3DBC15F9278A2E7100B6B653 = {
						CreatedOnToolsVersion = 13.1;
						TestTargetID = 3DBC15D6278A2E6F00B6B653;
					};
				};
			};
			buildConfigurationList = 3DBC15D2278A2E6F00B6B653 /* Build configuration list for PBXProject "AnimeManiac" */;
			compatibilityVersion = "Xcode 13.0";
			developmentRegion = en;
			hasScannedForEncodings = 0;
			knownRegions = (
				en,
				Base,
			);
			mainGroup = 3DBC15CE278A2E6F00B6B653;
			productRefGroup = 3DBC15D8278A2E6F00B6B653 /* Products */;
			projectDirPath = "";
			projectRoot = "";
			targets = (
				3DBC15D6278A2E6F00B6B653 /* AnimeManiac */,
				3DBC15EF278A2E7100B6B653 /* AnimeManiacTests */,
				3DBC15F9278A2E7100B6B653 /* AnimeManiacUITests */,
			);
		};
/* End PBXProject section */

/* Begin PBXResourcesBuildPhase section */
		3DBC15D5278A2E6F00B6B653 /* Resources */ = {
			isa = PBXResourcesBuildPhase;
			buildActionMask = 2147483647;
			files = (
				3DC1B1C627937D820091963E /* CollectionTableViewCell.xib in Resources */,
				3DBC15EA278A2E7100B6B653 /* LaunchScreen.storyboard in Resources */,
				3DC1B16C2793286C0091963E /* AnimeResultCell.xib in Resources */,
				3D85A954278B72AF006104E4 /* Images.xcassets in Resources */,
				3DC1B1CE27937E2C0091963E /* HomeController.xib in Resources */,
				3DC1B1BC279379960091963E /* ImageAnimeCell.xib in Resources */,
				3DBC1664278A524700B6B653 /* TableViewController.xib in Resources */,
				3DC1B1CA27937DB10091963E /* MyCollectionViewCell.xib in Resources */,
				3D85A94C278B4297006104E4 /* HomeCell.xib in Resources */,
			);
			runOnlyForDeploymentPostprocessing = 0;
		};
		3DBC15EE278A2E7100B6B653 /* Resources */ = {
			isa = PBXResourcesBuildPhase;
			buildActionMask = 2147483647;
			files = (
			);
			runOnlyForDeploymentPostprocessing = 0;
		};
		3DBC15F8278A2E7100B6B653 /* Resources */ = {
			isa = PBXResourcesBuildPhase;
			buildActionMask = 2147483647;
			files = (
			);
			runOnlyForDeploymentPostprocessing = 0;
		};
/* End PBXResourcesBuildPhase section */

/* Begin PBXShellScriptBuildPhase section */
		0DE0F0F33C6669EEDB530984 /* [CP] Check Pods Manifest.lock */ = {
			isa = PBXShellScriptBuildPhase;
			buildActionMask = 2147483647;
			files = (
			);
			inputFileListPaths = (
			);
			inputPaths = (
				"${PODS_PODFILE_DIR_PATH}/Podfile.lock",
				"${PODS_ROOT}/Manifest.lock",
			);
			name = "[CP] Check Pods Manifest.lock";
			outputFileListPaths = (
			);
			outputPaths = (
				"$(DERIVED_FILE_DIR)/Pods-AnimeManiac-checkManifestLockResult.txt",
			);
			runOnlyForDeploymentPostprocessing = 0;
			shellPath = /bin/sh;
			shellScript = "diff \"${PODS_PODFILE_DIR_PATH}/Podfile.lock\" \"${PODS_ROOT}/Manifest.lock\" > /dev/null\nif [ $? != 0 ] ; then\n    # print error to STDERR\n    echo \"error: The sandbox is not in sync with the Podfile.lock. Run 'pod install' or update your CocoaPods installation.\" >&2\n    exit 1\nfi\n# This output is used by Xcode 'outputs' to avoid re-running this script phase.\necho \"SUCCESS\" > \"${SCRIPT_OUTPUT_FILE_0}\"\n";
			showEnvVarsInLog = 0;
		};
		424C1D032CCCBC5B7FCB4DAC /* [CP] Embed Pods Frameworks */ = {
			isa = PBXShellScriptBuildPhase;
			buildActionMask = 2147483647;
			files = (
			);
			inputFileListPaths = (
				"${PODS_ROOT}/Target Support Files/Pods-AnimeManiac/Pods-AnimeManiac-frameworks-${CONFIGURATION}-input-files.xcfilelist",
			);
			name = "[CP] Embed Pods Frameworks";
			outputFileListPaths = (
				"${PODS_ROOT}/Target Support Files/Pods-AnimeManiac/Pods-AnimeManiac-frameworks-${CONFIGURATION}-output-files.xcfilelist",
			);
			runOnlyForDeploymentPostprocessing = 0;
			shellPath = /bin/sh;
			shellScript = "\"${PODS_ROOT}/Target Support Files/Pods-AnimeManiac/Pods-AnimeManiac-frameworks.sh\"\n";
			showEnvVarsInLog = 0;
		};
		C29E2A25E0C8CA3364E31EA1 /* [CP] Check Pods Manifest.lock */ = {
			isa = PBXShellScriptBuildPhase;
			buildActionMask = 2147483647;
			files = (
			);
			inputFileListPaths = (
			);
			inputPaths = (
				"${PODS_PODFILE_DIR_PATH}/Podfile.lock",
				"${PODS_ROOT}/Manifest.lock",
			);
			name = "[CP] Check Pods Manifest.lock";
			outputFileListPaths = (
			);
			outputPaths = (
				"$(DERIVED_FILE_DIR)/Pods-AnimeManiacTests-checkManifestLockResult.txt",
			);
			runOnlyForDeploymentPostprocessing = 0;
			shellPath = /bin/sh;
			shellScript = "diff \"${PODS_PODFILE_DIR_PATH}/Podfile.lock\" \"${PODS_ROOT}/Manifest.lock\" > /dev/null\nif [ $? != 0 ] ; then\n    # print error to STDERR\n    echo \"error: The sandbox is not in sync with the Podfile.lock. Run 'pod install' or update your CocoaPods installation.\" >&2\n    exit 1\nfi\n# This output is used by Xcode 'outputs' to avoid re-running this script phase.\necho \"SUCCESS\" > \"${SCRIPT_OUTPUT_FILE_0}\"\n";
			showEnvVarsInLog = 0;
		};
/* End PBXShellScriptBuildPhase section */

/* Begin PBXSourcesBuildPhase section */
		3DBC15D3278A2E6F00B6B653 /* Sources */ = {
			isa = PBXSourcesBuildPhase;
			buildActionMask = 2147483647;
			files = (
				3DBC1632278A36C500B6B653 /* Routing.swift in Sources */,
				3DBC1637278A37CB00B6B653 /* UIScrollView+Empty.swift in Sources */,
				3D85A920278A70CC006104E4 /* AnimeTopPageCellViewModel.swift in Sources */,
				3DBC1635278A37A400B6B653 /* EmptyReason.swift in Sources */,
				3DBC1656278A414B00B6B653 /* BarButtonItem.swift in Sources */,
				3DC1B16827931DFD0091963E /* ExtensionUIImage.swift in Sources */,
				3D85A952278B6237006104E4 /* SearchCategoryViewModel.swift in Sources */,
				3D85A938278B3167006104E4 /* AnimePageViewModel.swift in Sources */,
				3DBC1610278A2FB300B6B653 /* CustomNavigationController.swift in Sources */,
				3DBC1639278A37F600B6B653 /* EmptyLoader.swift in Sources */,
				3DBC1660278A504000B6B653 /* Errors.swift in Sources */,
				3DBC165C278A4B0800B6B653 /* AnimeRequest.swift in Sources */,
				3DC1B173279338AF0091963E /* SearchByTitleRountingEntry.swift in Sources */,
				3DBC1663278A524700B6B653 /* TableViewController.swift in Sources */,
				3DBC1626278A350300B6B653 /* RoutingEntry.swift in Sources */,
				3DC1B1CD27937E2C0091963E /* HomeController.swift in Sources */,
				3DC1B16B2793286C0091963E /* AnimeResultCell.swift in Sources */,
				3D85A950278B4A1F006104E4 /* AnimeResultCellViewModel.swift in Sources */,
				3DC1B1BB279379960091963E /* ImageAnimeCell.swift in Sources */,
				3D85A94B278B4297006104E4 /* HomeCell.swift in Sources */,
				3DBC165A278A41E100B6B653 /* CategoryViewModel.swift in Sources */,
				3DBC162E278A365F00B6B653 /* UIViewController+Controller.swift in Sources */,
				3DBC160E278A2EFB00B6B653 /* coreController.swift in Sources */,
				3DBC161F278A32C300B6B653 /* ScrollableViewModel.swift in Sources */,
				3DBC1630278A369500B6B653 /* UINavigationController+NavController.swift in Sources */,
				3D85A944278B388D006104E4 /* AnimePage.swift in Sources */,
				3DC1B1C527937D820091963E /* CollectionTableViewCell.swift in Sources */,
				3D85A94E278B4739006104E4 /* HomeCellViewModel.swift in Sources */,
				3D85A93A278B31A2006104E4 /* AnimePageSection.swift in Sources */,
				3DC1B17B27935D3D0091963E /* BestAnimeCellViewModel.swift in Sources */,
				3DBC15DB278A2E6F00B6B653 /* AppDelegate.swift in Sources */,
				3DBC1648278A3F2000B6B653 /* FetchError.swift in Sources */,
				3DBC1666278A52F400B6B653 /* CellConfigurable.swift in Sources */,
				3DBC164F278A3FFC00B6B653 /* FavoriteViewModel.swift in Sources */,
				3D85A922278A70E4006104E4 /* HomeSection.swift in Sources */,
				3DBC165E278A4BDF00B6B653 /* ListAnime.swift in Sources */,
				3DBC1621278A343700B6B653 /* Section.swift in Sources */,
				3DBC1628278A352500B6B653 /* Navigator.swift in Sources */,
				3DBC163D278A385400B6B653 /* EmptyError.swift in Sources */,
				3DBC15DD278A2E6F00B6B653 /* SceneDelegate.swift in Sources */,
				3DC1B170279337570091963E /* SearchByTitleSection.swift in Sources */,
				3DBC1623278A348900B6B653 /* CellViewModel.swift in Sources */,
				3DC1B16E2793360E0091963E /* SearchByTitleViewModel.swift in Sources */,
				3D85A92E278A756F006104E4 /* SearchRoutingEntry.swift in Sources */,
				3DBC15E5278A2E6F00B6B653 /* AnimeManiac.xcdatamodeld in Sources */,
				3DBC162C278A35C600B6B653 /* NavContoller.swift in Sources */,
				3DBC163B278A382200B6B653 /* EmptyTextAndButton.swift in Sources */,
				3DBC1651278A401900B6B653 /* HomeViewModel.swift in Sources */,
				3DBC162A278A357E00B6B653 /* Controller.swift in Sources */,
				3D85A956278B8370006104E4 /* SearchCategorySection.swift in Sources */,
				3DBC1658278A416F00B6B653 /* AnyBarButtonItem.swift in Sources */,
				3DC1B1C927937DB10091963E /* MyCollectionViewCell.swift in Sources */,
				3D85A948278B403C006104E4 /* Category.swift in Sources */,
			);
			runOnlyForDeploymentPostprocessing = 0;
		};
		3DBC15EC278A2E7100B6B653 /* Sources */ = {
			isa = PBXSourcesBuildPhase;
			buildActionMask = 2147483647;
			files = (
				3DBC15F5278A2E7100B6B653 /* AnimeManiacTests.swift in Sources */,
			);
			runOnlyForDeploymentPostprocessing = 0;
		};
		3DBC15F6278A2E7100B6B653 /* Sources */ = {
			isa = PBXSourcesBuildPhase;
			buildActionMask = 2147483647;
			files = (
				3DBC1601278A2E7100B6B653 /* AnimeManiacUITestsLaunchTests.swift in Sources */,
				3DBC15FF278A2E7100B6B653 /* AnimeManiacUITests.swift in Sources */,
			);
			runOnlyForDeploymentPostprocessing = 0;
		};
/* End PBXSourcesBuildPhase section */

/* Begin PBXTargetDependency section */
		3DBC15F2278A2E7100B6B653 /* PBXTargetDependency */ = {
			isa = PBXTargetDependency;
			target = 3DBC15D6278A2E6F00B6B653 /* AnimeManiac */;
			targetProxy = 3DBC15F1278A2E7100B6B653 /* PBXContainerItemProxy */;
		};
		3DBC15FC278A2E7100B6B653 /* PBXTargetDependency */ = {
			isa = PBXTargetDependency;
			target = 3DBC15D6278A2E6F00B6B653 /* AnimeManiac */;
			targetProxy = 3DBC15FB278A2E7100B6B653 /* PBXContainerItemProxy */;
		};
/* End PBXTargetDependency section */

/* Begin PBXVariantGroup section */
		3DBC15E8278A2E7100B6B653 /* LaunchScreen.storyboard */ = {
			isa = PBXVariantGroup;
			children = (
				3DBC15E9278A2E7100B6B653 /* Base */,
			);
			name = LaunchScreen.storyboard;
			sourceTree = "<group>";
		};
/* End PBXVariantGroup section */

/* Begin XCBuildConfiguration section */
		3DBC1602278A2E7100B6B653 /* Debug */ = {
			isa = XCBuildConfiguration;
			buildSettings = {
				ALWAYS_SEARCH_USER_PATHS = NO;
				CLANG_ANALYZER_NONNULL = YES;
				CLANG_ANALYZER_NUMBER_OBJECT_CONVERSION = YES_AGGRESSIVE;
				CLANG_CXX_LANGUAGE_STANDARD = "gnu++17";
				CLANG_CXX_LIBRARY = "libc++";
				CLANG_ENABLE_MODULES = YES;
				CLANG_ENABLE_OBJC_ARC = YES;
				CLANG_ENABLE_OBJC_WEAK = YES;
				CLANG_WARN_BLOCK_CAPTURE_AUTORELEASING = YES;
				CLANG_WARN_BOOL_CONVERSION = YES;
				CLANG_WARN_COMMA = YES;
				CLANG_WARN_CONSTANT_CONVERSION = YES;
				CLANG_WARN_DEPRECATED_OBJC_IMPLEMENTATIONS = YES;
				CLANG_WARN_DIRECT_OBJC_ISA_USAGE = YES_ERROR;
				CLANG_WARN_DOCUMENTATION_COMMENTS = YES;
				CLANG_WARN_EMPTY_BODY = YES;
				CLANG_WARN_ENUM_CONVERSION = YES;
				CLANG_WARN_INFINITE_RECURSION = YES;
				CLANG_WARN_INT_CONVERSION = YES;
				CLANG_WARN_NON_LITERAL_NULL_CONVERSION = YES;
				CLANG_WARN_OBJC_IMPLICIT_RETAIN_SELF = YES;
				CLANG_WARN_OBJC_LITERAL_CONVERSION = YES;
				CLANG_WARN_OBJC_ROOT_CLASS = YES_ERROR;
				CLANG_WARN_QUOTED_INCLUDE_IN_FRAMEWORK_HEADER = YES;
				CLANG_WARN_RANGE_LOOP_ANALYSIS = YES;
				CLANG_WARN_STRICT_PROTOTYPES = YES;
				CLANG_WARN_SUSPICIOUS_MOVE = YES;
				CLANG_WARN_UNGUARDED_AVAILABILITY = YES_AGGRESSIVE;
				CLANG_WARN_UNREACHABLE_CODE = YES;
				CLANG_WARN__DUPLICATE_METHOD_MATCH = YES;
				COPY_PHASE_STRIP = NO;
				DEBUG_INFORMATION_FORMAT = dwarf;
				ENABLE_STRICT_OBJC_MSGSEND = YES;
				ENABLE_TESTABILITY = YES;
				GCC_C_LANGUAGE_STANDARD = gnu11;
				GCC_DYNAMIC_NO_PIC = NO;
				GCC_NO_COMMON_BLOCKS = YES;
				GCC_OPTIMIZATION_LEVEL = 0;
				GCC_PREPROCESSOR_DEFINITIONS = (
					"DEBUG=1",
					"$(inherited)",
				);
				GCC_WARN_64_TO_32_BIT_CONVERSION = YES;
				GCC_WARN_ABOUT_RETURN_TYPE = YES_ERROR;
				GCC_WARN_UNDECLARED_SELECTOR = YES;
				GCC_WARN_UNINITIALIZED_AUTOS = YES_AGGRESSIVE;
				GCC_WARN_UNUSED_FUNCTION = YES;
				GCC_WARN_UNUSED_VARIABLE = YES;
				IPHONEOS_DEPLOYMENT_TARGET = 15.0;
				MTL_ENABLE_DEBUG_INFO = INCLUDE_SOURCE;
				MTL_FAST_MATH = YES;
				ONLY_ACTIVE_ARCH = YES;
				SDKROOT = iphoneos;
				SWIFT_ACTIVE_COMPILATION_CONDITIONS = DEBUG;
				SWIFT_OPTIMIZATION_LEVEL = "-Onone";
			};
			name = Debug;
		};
		3DBC1603278A2E7100B6B653 /* Release */ = {
			isa = XCBuildConfiguration;
			buildSettings = {
				ALWAYS_SEARCH_USER_PATHS = NO;
				CLANG_ANALYZER_NONNULL = YES;
				CLANG_ANALYZER_NUMBER_OBJECT_CONVERSION = YES_AGGRESSIVE;
				CLANG_CXX_LANGUAGE_STANDARD = "gnu++17";
				CLANG_CXX_LIBRARY = "libc++";
				CLANG_ENABLE_MODULES = YES;
				CLANG_ENABLE_OBJC_ARC = YES;
				CLANG_ENABLE_OBJC_WEAK = YES;
				CLANG_WARN_BLOCK_CAPTURE_AUTORELEASING = YES;
				CLANG_WARN_BOOL_CONVERSION = YES;
				CLANG_WARN_COMMA = YES;
				CLANG_WARN_CONSTANT_CONVERSION = YES;
				CLANG_WARN_DEPRECATED_OBJC_IMPLEMENTATIONS = YES;
				CLANG_WARN_DIRECT_OBJC_ISA_USAGE = YES_ERROR;
				CLANG_WARN_DOCUMENTATION_COMMENTS = YES;
				CLANG_WARN_EMPTY_BODY = YES;
				CLANG_WARN_ENUM_CONVERSION = YES;
				CLANG_WARN_INFINITE_RECURSION = YES;
				CLANG_WARN_INT_CONVERSION = YES;
				CLANG_WARN_NON_LITERAL_NULL_CONVERSION = YES;
				CLANG_WARN_OBJC_IMPLICIT_RETAIN_SELF = YES;
				CLANG_WARN_OBJC_LITERAL_CONVERSION = YES;
				CLANG_WARN_OBJC_ROOT_CLASS = YES_ERROR;
				CLANG_WARN_QUOTED_INCLUDE_IN_FRAMEWORK_HEADER = YES;
				CLANG_WARN_RANGE_LOOP_ANALYSIS = YES;
				CLANG_WARN_STRICT_PROTOTYPES = YES;
				CLANG_WARN_SUSPICIOUS_MOVE = YES;
				CLANG_WARN_UNGUARDED_AVAILABILITY = YES_AGGRESSIVE;
				CLANG_WARN_UNREACHABLE_CODE = YES;
				CLANG_WARN__DUPLICATE_METHOD_MATCH = YES;
				COPY_PHASE_STRIP = NO;
				DEBUG_INFORMATION_FORMAT = "dwarf-with-dsym";
				ENABLE_NS_ASSERTIONS = NO;
				ENABLE_STRICT_OBJC_MSGSEND = YES;
				GCC_C_LANGUAGE_STANDARD = gnu11;
				GCC_NO_COMMON_BLOCKS = YES;
				GCC_WARN_64_TO_32_BIT_CONVERSION = YES;
				GCC_WARN_ABOUT_RETURN_TYPE = YES_ERROR;
				GCC_WARN_UNDECLARED_SELECTOR = YES;
				GCC_WARN_UNINITIALIZED_AUTOS = YES_AGGRESSIVE;
				GCC_WARN_UNUSED_FUNCTION = YES;
				GCC_WARN_UNUSED_VARIABLE = YES;
				IPHONEOS_DEPLOYMENT_TARGET = 15.0;
				MTL_ENABLE_DEBUG_INFO = NO;
				MTL_FAST_MATH = YES;
				SDKROOT = iphoneos;
				SWIFT_COMPILATION_MODE = wholemodule;
				SWIFT_OPTIMIZATION_LEVEL = "-O";
				VALIDATE_PRODUCT = YES;
			};
			name = Release;
		};
		3DBC1605278A2E7100B6B653 /* Debug */ = {
			isa = XCBuildConfiguration;
			baseConfigurationReference = F09EA681000136C2AC255825 /* Pods-AnimeManiac.debug.xcconfig */;
			buildSettings = {
				ASSETCATALOG_COMPILER_APPICON_NAME = AppIcon;
				ASSETCATALOG_COMPILER_GLOBAL_ACCENT_COLOR_NAME = AccentColor;
				CODE_SIGN_STYLE = Automatic;
				CURRENT_PROJECT_VERSION = 1;
				DEVELOPMENT_TEAM = KWAFBG8V3U;
				GENERATE_INFOPLIST_FILE = YES;
				INFOPLIST_FILE = AnimeManiac/Info.plist;
				INFOPLIST_KEY_UIApplicationSupportsIndirectInputEvents = YES;
				INFOPLIST_KEY_UILaunchStoryboardName = LaunchScreen;
				INFOPLIST_KEY_UISupportedInterfaceOrientations = UIInterfaceOrientationPortrait;
				INFOPLIST_KEY_UISupportedInterfaceOrientations_iPad = "UIInterfaceOrientationPortrait UIInterfaceOrientationPortraitUpsideDown UIInterfaceOrientationLandscapeLeft UIInterfaceOrientationLandscapeRight";
				INFOPLIST_KEY_UISupportedInterfaceOrientations_iPhone = "UIInterfaceOrientationPortrait UIInterfaceOrientationLandscapeLeft UIInterfaceOrientationLandscapeRight";
				LD_RUNPATH_SEARCH_PATHS = (
					"$(inherited)",
					"@executable_path/Frameworks",
				);
				MARKETING_VERSION = 1.0;
				PRODUCT_BUNDLE_IDENTIFIER = "Debehogne-David.AnimeManiac";
				PRODUCT_NAME = "$(TARGET_NAME)";
				SWIFT_EMIT_LOC_STRINGS = YES;
				SWIFT_VERSION = 5.0;
				TARGETED_DEVICE_FAMILY = "1,2";
			};
			name = Debug;
		};
		3DBC1606278A2E7100B6B653 /* Release */ = {
			isa = XCBuildConfiguration;
			baseConfigurationReference = EF458ED4254330F6135A184D /* Pods-AnimeManiac.release.xcconfig */;
			buildSettings = {
				ASSETCATALOG_COMPILER_APPICON_NAME = AppIcon;
				ASSETCATALOG_COMPILER_GLOBAL_ACCENT_COLOR_NAME = AccentColor;
				CODE_SIGN_STYLE = Automatic;
				CURRENT_PROJECT_VERSION = 1;
				DEVELOPMENT_TEAM = KWAFBG8V3U;
				GENERATE_INFOPLIST_FILE = YES;
				INFOPLIST_FILE = AnimeManiac/Info.plist;
				INFOPLIST_KEY_UIApplicationSupportsIndirectInputEvents = YES;
				INFOPLIST_KEY_UILaunchStoryboardName = LaunchScreen;
				INFOPLIST_KEY_UISupportedInterfaceOrientations = UIInterfaceOrientationPortrait;
				INFOPLIST_KEY_UISupportedInterfaceOrientations_iPad = "UIInterfaceOrientationPortrait UIInterfaceOrientationPortraitUpsideDown UIInterfaceOrientationLandscapeLeft UIInterfaceOrientationLandscapeRight";
				INFOPLIST_KEY_UISupportedInterfaceOrientations_iPhone = "UIInterfaceOrientationPortrait UIInterfaceOrientationLandscapeLeft UIInterfaceOrientationLandscapeRight";
				LD_RUNPATH_SEARCH_PATHS = (
					"$(inherited)",
					"@executable_path/Frameworks",
				);
				MARKETING_VERSION = 1.0;
				PRODUCT_BUNDLE_IDENTIFIER = "Debehogne-David.AnimeManiac";
				PRODUCT_NAME = "$(TARGET_NAME)";
				SWIFT_EMIT_LOC_STRINGS = YES;
				SWIFT_VERSION = 5.0;
				TARGETED_DEVICE_FAMILY = "1,2";
			};
			name = Release;
		};
		3DBC1608278A2E7100B6B653 /* Debug */ = {
			isa = XCBuildConfiguration;
			baseConfigurationReference = 9A3D330962D97F8860FD851C /* Pods-AnimeManiacTests.debug.xcconfig */;
			buildSettings = {
				ALWAYS_EMBED_SWIFT_STANDARD_LIBRARIES = YES;
				BUNDLE_LOADER = "$(TEST_HOST)";
				CODE_SIGN_STYLE = Automatic;
				CURRENT_PROJECT_VERSION = 1;
				DEVELOPMENT_TEAM = KWAFBG8V3U;
				GENERATE_INFOPLIST_FILE = YES;
				IPHONEOS_DEPLOYMENT_TARGET = 15.0;
				LD_RUNPATH_SEARCH_PATHS = (
					"$(inherited)",
					"@executable_path/Frameworks",
					"@loader_path/Frameworks",
				);
				MARKETING_VERSION = 1.0;
				PRODUCT_BUNDLE_IDENTIFIER = "Debehogne-David.AnimeManiacTests";
				PRODUCT_NAME = "$(TARGET_NAME)";
				SWIFT_EMIT_LOC_STRINGS = NO;
				SWIFT_VERSION = 5.0;
				TARGETED_DEVICE_FAMILY = "1,2";
				TEST_HOST = "$(BUILT_PRODUCTS_DIR)/AnimeManiac.app/AnimeManiac";
			};
			name = Debug;
		};
		3DBC1609278A2E7100B6B653 /* Release */ = {
			isa = XCBuildConfiguration;
			baseConfigurationReference = CEB0879B70B86AD79D4A99F9 /* Pods-AnimeManiacTests.release.xcconfig */;
			buildSettings = {
				ALWAYS_EMBED_SWIFT_STANDARD_LIBRARIES = YES;
				BUNDLE_LOADER = "$(TEST_HOST)";
				CODE_SIGN_STYLE = Automatic;
				CURRENT_PROJECT_VERSION = 1;
				DEVELOPMENT_TEAM = KWAFBG8V3U;
				GENERATE_INFOPLIST_FILE = YES;
				IPHONEOS_DEPLOYMENT_TARGET = 15.0;
				LD_RUNPATH_SEARCH_PATHS = (
					"$(inherited)",
					"@executable_path/Frameworks",
					"@loader_path/Frameworks",
				);
				MARKETING_VERSION = 1.0;
				PRODUCT_BUNDLE_IDENTIFIER = "Debehogne-David.AnimeManiacTests";
				PRODUCT_NAME = "$(TARGET_NAME)";
				SWIFT_EMIT_LOC_STRINGS = NO;
				SWIFT_VERSION = 5.0;
				TARGETED_DEVICE_FAMILY = "1,2";
				TEST_HOST = "$(BUILT_PRODUCTS_DIR)/AnimeManiac.app/AnimeManiac";
			};
			name = Release;
		};
		3DBC160B278A2E7100B6B653 /* Debug */ = {
			isa = XCBuildConfiguration;
			buildSettings = {
				ALWAYS_EMBED_SWIFT_STANDARD_LIBRARIES = YES;
				CODE_SIGN_STYLE = Automatic;
				CURRENT_PROJECT_VERSION = 1;
				DEVELOPMENT_TEAM = KWAFBG8V3U;
				GENERATE_INFOPLIST_FILE = YES;
				LD_RUNPATH_SEARCH_PATHS = (
					"$(inherited)",
					"@executable_path/Frameworks",
					"@loader_path/Frameworks",
				);
				MARKETING_VERSION = 1.0;
				PRODUCT_BUNDLE_IDENTIFIER = "Debehogne-David.AnimeManiacUITests";
				PRODUCT_NAME = "$(TARGET_NAME)";
				SWIFT_EMIT_LOC_STRINGS = NO;
				SWIFT_VERSION = 5.0;
				TARGETED_DEVICE_FAMILY = "1,2";
				TEST_TARGET_NAME = AnimeManiac;
			};
			name = Debug;
		};
		3DBC160C278A2E7100B6B653 /* Release */ = {
			isa = XCBuildConfiguration;
			buildSettings = {
				ALWAYS_EMBED_SWIFT_STANDARD_LIBRARIES = YES;
				CODE_SIGN_STYLE = Automatic;
				CURRENT_PROJECT_VERSION = 1;
				DEVELOPMENT_TEAM = KWAFBG8V3U;
				GENERATE_INFOPLIST_FILE = YES;
				LD_RUNPATH_SEARCH_PATHS = (
					"$(inherited)",
					"@executable_path/Frameworks",
					"@loader_path/Frameworks",
				);
				MARKETING_VERSION = 1.0;
				PRODUCT_BUNDLE_IDENTIFIER = "Debehogne-David.AnimeManiacUITests";
				PRODUCT_NAME = "$(TARGET_NAME)";
				SWIFT_EMIT_LOC_STRINGS = NO;
				SWIFT_VERSION = 5.0;
				TARGETED_DEVICE_FAMILY = "1,2";
				TEST_TARGET_NAME = AnimeManiac;
			};
			name = Release;
		};
/* End XCBuildConfiguration section */

/* Begin XCConfigurationList section */
		3DBC15D2278A2E6F00B6B653 /* Build configuration list for PBXProject "AnimeManiac" */ = {
			isa = XCConfigurationList;
			buildConfigurations = (
				3DBC1602278A2E7100B6B653 /* Debug */,
				3DBC1603278A2E7100B6B653 /* Release */,
			);
			defaultConfigurationIsVisible = 0;
			defaultConfigurationName = Release;
		};
		3DBC1604278A2E7100B6B653 /* Build configuration list for PBXNativeTarget "AnimeManiac" */ = {
			isa = XCConfigurationList;
			buildConfigurations = (
				3DBC1605278A2E7100B6B653 /* Debug */,
				3DBC1606278A2E7100B6B653 /* Release */,
			);
			defaultConfigurationIsVisible = 0;
			defaultConfigurationName = Release;
		};
		3DBC1607278A2E7100B6B653 /* Build configuration list for PBXNativeTarget "AnimeManiacTests" */ = {
			isa = XCConfigurationList;
			buildConfigurations = (
				3DBC1608278A2E7100B6B653 /* Debug */,
				3DBC1609278A2E7100B6B653 /* Release */,
			);
			defaultConfigurationIsVisible = 0;
			defaultConfigurationName = Release;
		};
		3DBC160A278A2E7100B6B653 /* Build configuration list for PBXNativeTarget "AnimeManiacUITests" */ = {
			isa = XCConfigurationList;
			buildConfigurations = (
				3DBC160B278A2E7100B6B653 /* Debug */,
				3DBC160C278A2E7100B6B653 /* Release */,
			);
			defaultConfigurationIsVisible = 0;
			defaultConfigurationName = Release;
		};
/* End XCConfigurationList section */

/* Begin XCVersionGroup section */
		3DBC15E3278A2E6F00B6B653 /* AnimeManiac.xcdatamodeld */ = {
			isa = XCVersionGroup;
			children = (
				3DBC15E4278A2E6F00B6B653 /* AnimeManiac.xcdatamodel */,
			);
			currentVersion = 3DBC15E4278A2E6F00B6B653 /* AnimeManiac.xcdatamodel */;
			path = AnimeManiac.xcdatamodeld;
			sourceTree = "<group>";
			versionGroupType = wrapper.xcdatamodel;
		};
/* End XCVersionGroup section */
	};
	rootObject = 3DBC15CF278A2E6F00B6B653 /* Project object */;
}
